// !$*UTF8*$!
{
	archiveVersion = 1;
	classes = {
	};
	objectVersion = 46;
	objects = {

/* Begin PBXBuildFile section */
		1565C31A1DF8AB190017ECD4 /* AppDelegate.swift in Sources */ = {isa = PBXBuildFile; fileRef = 1565C3191DF8AB190017ECD4 /* AppDelegate.swift */; };
		1565C31C1DF8AB190017ECD4 /* ViewController.swift in Sources */ = {isa = PBXBuildFile; fileRef = 1565C31B1DF8AB190017ECD4 /* ViewController.swift */; };
		1565C31F1DF8AB190017ECD4 /* Main.storyboard in Resources */ = {isa = PBXBuildFile; fileRef = 1565C31D1DF8AB190017ECD4 /* Main.storyboard */; };
		1565C3211DF8AB190017ECD4 /* Assets.xcassets in Resources */ = {isa = PBXBuildFile; fileRef = 1565C3201DF8AB190017ECD4 /* Assets.xcassets */; };
		1565C3241DF8AB190017ECD4 /* LaunchScreen.storyboard in Resources */ = {isa = PBXBuildFile; fileRef = 1565C3221DF8AB190017ECD4 /* LaunchScreen.storyboard */; };
		1565C32C1DF8B4CA0017ECD4 /* AAA.swift in Sources */ = {isa = PBXBuildFile; fileRef = 1565C32B1DF8B4CA0017ECD4 /* AAA.swift */; };
		1572134A1E03E69A008351A8 /* ViewController2.swift in Sources */ = {isa = PBXBuildFile; fileRef = 157213491E03E69A008351A8 /* ViewController2.swift */; };
/* End PBXBuildFile section */

/* Begin PBXFileReference section */
		1565C3161DF8AB190017ECD4 /* animation.app */ = {isa = PBXFileReference; explicitFileType = wrapper.application; includeInIndex = 0; path = animation.app; sourceTree = BUILT_PRODUCTS_DIR; };
		1565C3191DF8AB190017ECD4 /* AppDelegate.swift */ = {isa = PBXFileReference; lastKnownFileType = sourcecode.swift; path = AppDelegate.swift; sourceTree = "<group>"; };
		1565C31B1DF8AB190017ECD4 /* ViewController.swift */ = {isa = PBXFileReference; lastKnownFileType = sourcecode.swift; path = ViewController.swift; sourceTree = "<group>"; };
		1565C31E1DF8AB190017ECD4 /* Base */ = {isa = PBXFileReference; lastKnownFileType = file.storyboard; name = Base; path = Base.lproj/Main.storyboard; sourceTree = "<group>"; };
		1565C3201DF8AB190017ECD4 /* Assets.xcassets */ = {isa = PBXFileReference; lastKnownFileType = folder.assetcatalog; path = Assets.xcassets; sourceTree = "<group>"; };
		1565C3231DF8AB190017ECD4 /* Base */ = {isa = PBXFileReference; lastKnownFileType = file.storyboard; name = Base; path = Base.lproj/LaunchScreen.storyboard; sourceTree = "<group>"; };
		1565C3251DF8AB190017ECD4 /* Info.plist */ = {isa = PBXFileReference; lastKnownFileType = text.plist.xml; path = Info.plist; sourceTree = "<group>"; };
		1565C32B1DF8B4CA0017ECD4 /* AAA.swift */ = {isa = PBXFileReference; fileEncoding = 4; lastKnownFileType = sourcecode.swift; path = AAA.swift; sourceTree = "<group>"; };
		157213491E03E69A008351A8 /* ViewController2.swift */ = {isa = PBXFileReference; fileEncoding = 4; lastKnownFileType = sourcecode.swift; path = ViewController2.swift; sourceTree = "<group>"; };
/* End PBXFileReference section */

/* Begin PBXFrameworksBuildPhase section */
		1565C3131DF8AB190017ECD4 /* Frameworks */ = {
			isa = PBXFrameworksBuildPhase;
			buildActionMask = 2147483647;
			files = (
			);
			runOnlyForDeploymentPostprocessing = 0;
		};
/* End PBXFrameworksBuildPhase section */

/* Begin PBXGroup section */
		1565C30D1DF8AB190017ECD4 = {
			isa = PBXGroup;
			children = (
				1565C3181DF8AB190017ECD4 /* animation */,
				1565C3171DF8AB190017ECD4 /* Products */,
			);
			sourceTree = "<group>";
		};
		1565C3171DF8AB190017ECD4 /* Products */ = {
			isa = PBXGroup;
			children = (
				1565C3161DF8AB190017ECD4 /* animation.app */,
			);
			name = Products;
			sourceTree = "<group>";
		};
		1565C3181DF8AB190017ECD4 /* animation */ = {
			isa = PBXGroup;
			children = (
				1565C3191DF8AB190017ECD4 /* AppDelegate.swift */,
				1565C31B1DF8AB190017ECD4 /* ViewController.swift */,
				157213491E03E69A008351A8 /* ViewController2.swift */,
				1565C31D1DF8AB190017ECD4 /* Main.storyboard */,
				1565C32B1DF8B4CA0017ECD4 /* AAA.swift */,
				1565C3201DF8AB190017ECD4 /* Assets.xcassets */,
				1565C3221DF8AB190017ECD4 /* LaunchScreen.storyboard */,
				1565C3251DF8AB190017ECD4 /* Info.plist */,
			);
			path = animation;
			sourceTree = "<group>";
		};
/* End PBXGroup section */

/* Begin PBXNativeTarget section */
		1565C3151DF8AB190017ECD4 /* animation */ = {
			isa = PBXNativeTarget;
			buildConfigurationList = 1565C3281DF8AB190017ECD4 /* Build configuration list for PBXNativeTarget "animation" */;
			buildPhases = (
				1565C3121DF8AB190017ECD4 /* Sources */,
				1565C3131DF8AB190017ECD4 /* Frameworks */,
				1565C3141DF8AB190017ECD4 /* Resources */,
			);
			buildRules = (
			);
			dependencies = (
			);
			name = animation;
			productName = animation;
			productReference = 1565C3161DF8AB190017ECD4 /* animation.app */;
			productType = "com.apple.product-type.application";
		};
/* End PBXNativeTarget section */

/* Begin PBXProject section */
		1565C30E1DF8AB190017ECD4 /* Project object */ = {
			isa = PBXProject;
			attributes = {
				LastSwiftUpdateCheck = 0810;
				LastUpgradeCheck = 0810;
				ORGANIZATIONNAME = zeroplus;
				TargetAttributes = {
					1565C3151DF8AB190017ECD4 = {
						CreatedOnToolsVersion = 8.1;
						ProvisioningStyle = Automatic;
					};
				};
			};
			buildConfigurationList = 1565C3111DF8AB190017ECD4 /* Build configuration list for PBXProject "animation" */;
			compatibilityVersion = "Xcode 3.2";
			developmentRegion = English;
			hasScannedForEncodings = 0;
			knownRegions = (
				en,
				Base,
			);
			mainGroup = 1565C30D1DF8AB190017ECD4;
			productRefGroup = 1565C3171DF8AB190017ECD4 /* Products */;
			projectDirPath = "";
			projectRoot = "";
			targets = (
				1565C3151DF8AB190017ECD4 /* animation */,
			);
		};
/* End PBXProject section */

/* Begin PBXResourcesBuildPhase section */
		1565C3141DF8AB190017ECD4 /* Resources */ = {
			isa = PBXResourcesBuildPhase;
			buildActionMask = 2147483647;
			files = (
				1565C3241DF8AB190017ECD4 /* LaunchScreen.storyboard in Resources */,
				1565C3211DF8AB190017ECD4 /* Assets.xcassets in Resources */,
				1565C31F1DF8AB190017ECD4 /* Main.storyboard in Resources */,
			);
			runOnlyForDeploymentPostprocessing = 0;
		};
/* End PBXResourcesBuildPhase section */

/* Begin PBXSourcesBuildPhase section */
		1565C3121DF8AB190017ECD4 /* Sources */ = {
			isa = PBXSourcesBuildPhase;
			buildActionMask = 2147483647;
			files = (
				1565C31C1DF8AB190017ECD4 /* ViewController.swift in Sources */,
				1572134A1E03E69A008351A8 /* ViewController2.swift in Sources */,
				1565C32C1DF8B4CA0017ECD4 /* AAA.swift in Sources */,
				1565C31A1DF8AB190017ECD4 /* AppDelegate.swift in Sources */,
			);
			runOnlyForDeploymentPostprocessing = 0;
		};
/* End PBXSourcesBuildPhase section */

/* Begin PBXVariantGroup section */
		1565C31D1DF8AB190017ECD4 /* Main.storyboard */ = {
			isa = PBXVariantGroup;
			children = (
				1565C31E1DF8AB190017ECD4 /* Base */,
			);
			name = Main.storyboard;
			sourceTree = "<group>";
		};
		1565C3221DF8AB190017ECD4 /* LaunchScreen.storyboard */ = {
			isa = PBXVariantGroup;
			children = (
				1565C3231DF8AB190017ECD4 /* Base */,
			);
			name = LaunchScreen.storyboard;
			sourceTree = "<group>";
		};
/* End PBXVariantGroup section */

/* Begin XCBuildConfiguration section */
		1565C3261DF8AB190017ECD4 /* Debug */ = {
			isa = XCBuildConfiguration;
			buildSettings = {
				ALWAYS_SEARCH_USER_PATHS = NO;
				CLANG_ANALYZER_NONNULL = YES;
				CLANG_CXX_LANGUAGE_STANDARD = "gnu++0x";
				CLANG_CXX_LIBRARY = "libc++";
				CLANG_ENABLE_MODULES = YES;
				CLANG_ENABLE_OBJC_ARC = YES;
				CLANG_WARN_BOOL_CONVERSION = YES;
				CLANG_WARN_CONSTANT_CONVERSION = YES;
				CLANG_WARN_DIRECT_OBJC_ISA_USAGE = YES_ERROR;
				CLANG_WARN_DOCUMENTATION_COMMENTS = YES;
				CLANG_WARN_EMPTY_BODY = YES;
				CLANG_WARN_ENUM_CONVERSION = YES;
				CLANG_WARN_INFINITE_RECURSION = YES;
				CLANG_WARN_INT_CONVERSION = YES;
				CLANG_WARN_OBJC_ROOT_CLASS = YES_ERROR;
				CLANG_WARN_SUSPICIOUS_MOVES = YES;
				CLANG_WARN_UNREACHABLE_CODE = YES;
				CLANG_WARN__DUPLICATE_METHOD_MATCH = YES;
				"CODE_SIGN_IDENTITY[sdk=iphoneos*]" = "iPhone Developer";
				COPY_PHASE_STRIP = NO;
				DEBUG_INFORMATION_FORMAT = dwarf;
				ENABLE_STRICT_OBJC_MSGSEND = YES;
				ENABLE_TESTABILITY = YES;
				GCC_C_LANGUAGE_STANDARD = gnu99;
				GCC_DYNAMIC_NO_PIC = NO;
				GCC_NO_COMMON_BLOCKS = YES;
				GCC_OPTIMIZATION_LEVEL = 0;
				GCC_PREPROCESSOR_DEFINITIONS = (
					"DEBUG=1",
					"$(inherited)",
				);
				GCC_WARN_64_TO_32_BIT_CONVERSION = YES;
				GCC_WARN_ABOUT_RETURN_TYPE = YES_ERROR;
				GCC_WARN_UNDECLARED_SELECTOR = YES;
				GCC_WARN_UNINITIALIZED_AUTOS = YES_AGGRESSIVE;
				GCC_WARN_UNUSED_FUNCTION = YES;
				GCC_WARN_UNUSED_VARIABLE = YES;
				IPHONEOS_DEPLOYMENT_TARGET = 10.1;
				MTL_ENABLE_DEBUG_INFO = YES;
				ONLY_ACTIVE_ARCH = YES;
				SDKROOT = iphoneos;
				SWIFT_ACTIVE_COMPILATION_CONDITIONS = DEBUG;
				SWIFT_OPTIMIZATION_LEVEL = "-Onone";
			};
			name = Debug;
		};
		1565C3271DF8AB190017ECD4 /* Release */ = {
			isa = XCBuildConfiguration;
			buildSettings = {
				ALWAYS_SEARCH_USER_PATHS = NO;
				CLANG_ANALYZER_NONNULL = YES;
				CLANG_CXX_LANGUAGE_STANDARD = "gnu++0x";
				CLANG_CXX_LIBRARY = "libc++";
				CLANG_ENABLE_MODULES = YES;
				CLANG_ENABLE_OBJC_ARC = YES;
				CLANG_WARN_BOOL_CONVERSION = YES;
				CLANG_WARN_CONSTANT_CONVERSION = YES;
				CLANG_WARN_DIRECT_OBJC_ISA_USAGE = YES_ERROR;
				CLANG_WARN_DOCUMENTATION_COMMENTS = YES;
				CLANG_WARN_EMPTY_BODY = YES;
				CLANG_WARN_ENUM_CONVERSION = YES;
				CLANG_WARN_INFINITE_RECURSION = YES;
				CLANG_WARN_INT_CONVERSION = YES;
				CLANG_WARN_OBJC_ROOT_CLASS = YES_ERROR;
				CLANG_WARN_SUSPICIOUS_MOVES = YES;
				CLANG_WARN_UNREACHABLE_CODE = YES;
				CLANG_WARN__DUPLICATE_METHOD_MATCH = YES;
				"CODE_SIGN_IDENTITY[sdk=iphoneos*]" = "iPhone Developer";
				COPY_PHASE_STRIP = NO;
				DEBUG_INFORMATION_FORMAT = "dwarf-with-dsym";
				ENABLE_NS_ASSERTIONS = NO;
				ENABLE_STRICT_OBJC_MSGSEND = YES;
				GCC_C_LANGUAGE_STANDARD = gnu99;
				GCC_NO_COMMON_BLOCKS = YES;
				GCC_WARN_64_TO_32_BIT_CONVERSION = YES;
				GCC_WARN_ABOUT_RETURN_TYPE = YES_ERROR;
				GCC_WARN_UNDECLARED_SELECTOR = YES;
				GCC_WARN_UNINITIALIZED_AUTOS = YES_AGGRESSIVE;
				GCC_WARN_UNUSED_FUNCTION = YES;
				GCC_WARN_UNUSED_VARIABLE = YES;
				IPHONEOS_DEPLOYMENT_TARGET = 10.1;
				MTL_ENABLE_DEBUG_INFO = NO;
				SDKROOT = iphoneos;
				SWIFT_OPTIMIZATION_LEVEL = "-Owholemodule";
				VALIDATE_PRODUCT = YES;
			};
			name = Release;
		};
		1565C3291DF8AB190017ECD4 /* Debug */ = {
			isa = XCBuildConfiguration;
			buildSettings = {
				ASSETCATALOG_COMPILER_APPICON_NAME = AppIcon;
				INFOPLIST_FILE = animation/Info.plist;
				LD_RUNPATH_SEARCH_PATHS = "$(inherited) @executable_path/Frameworks";
				PRODUCT_BUNDLE_IDENTIFIER = com.zeroplus.animation;
				PRODUCT_NAME = "$(TARGET_NAME)";
				SWIFT_VERSION = 3.0;
			};
			name = Debug;
		};
		1565C32A1DF8AB190017ECD4 /* Release */ = {
			isa = XCBuildConfiguration;
			buildSettings = {
				ASSETCATALOG_COMPILER_APPICON_NAME = AppIcon;
				INFOPLIST_FILE = animation/Info.plist;
				LD_RUNPATH_SEARCH_PATHS = "$(inherited) @executable_path/Frameworks";
				PRODUCT_BUNDLE_IDENTIFIER = com.zeroplus.animation;
				PRODUCT_NAME = "$(TARGET_NAME)";
				SWIFT_VERSION = 3.0;
			};
			name = Release;
		};
/* End XCBuildConfiguration section */

/* Begin XCConfigurationList section */
		1565C3111DF8AB190017ECD4 /* Build configuration list for PBXProject "animation" */ = {
			isa = XCConfigurationList;
			buildConfigurations = (
				1565C3261DF8AB190017ECD4 /* Debug */,
				1565C3271DF8AB190017ECD4 /* Release */,
			);
			defaultConfigurationIsVisible = 0;
			defaultConfigurationName = Release;
		};
		1565C3281DF8AB190017ECD4 /* Build configuration list for PBXNativeTarget "animation" */ = {
			isa = XCConfigurationList;
			buildConfigurations = (
				1565C3291DF8AB190017ECD4 /* Debug */,
				1565C32A1DF8AB190017ECD4 /* Release */,
			);
			defaultConfigurationIsVisible = 0;
			defaultConfigurationName = Release;
		};
/* End XCConfigurationList section */
	};
	rootObject = 1565C30E1DF8AB190017ECD4 /* Project object */;
}
